
Microsoft Visual Studio Solution File, Format Version 12.00
# Visual Studio 2012
Project("{159641D6-6404-4A2A-AE62-294DE0FE8301}") = "IntegrationServicesProject", "IntegrationServicesProject\IntegrationServicesProject.dtproj", "{ECC8F6B4-E588-42C3-BFAB-A372B8E81BC7}"
EndProject
Project("{159641D6-6404-4A2A-AE62-294DE0FE8301}") = "IntegrationServicesProject2", "IntegrationServicesProject2\IntegrationServicesProject2.dtproj", "{6C243462-3E30-4E4D-BC25-200624D56E7C}"
EndProject
Global
	GlobalSection(SolutionConfigurationPlatforms) = preSolution
		Development|Default = Development|Default
	EndGlobalSection
	GlobalSection(ProjectConfigurationPlatforms) = postSolution
		{ECC8F6B4-E588-42C3-BFAB-A372B8E81BC7}.Development|Default.ActiveCfg = Development
		{ECC8F6B4-E588-42C3-BFAB-A372B8E81BC7}.Development|Default.Build.0 = Development
		{6C243462-3E30-4E4D-BC25-200624D56E7C}.Development|Default.ActiveCfg = Development
		{6C243462-3E30-4E4D-BC25-200624D56E7C}.Development|Default.Build.0 = Development
	EndGlobalSection
	GlobalSection(SolutionProperties) = preSolution
		HideSolutionNode = FALSE
	EndGlobalSection
EndGlobal
